
Microsoft Visual Studio Solution File, Format Version 12.00
# Visual Studio Version 17
VisualStudioVersion = 17.1.32228.430
MinimumVisualStudioVersion = 10.0.40219.1
Project("{9A19103F-16F7-4668-BE54-9A1E7A4F7556}") = "MethodRun", "MethodRun\MethodRun.csproj", "{1D8B82BB-72C7-4D50-88AD-DF863922A416}"
EndProject
Project("{9A19103F-16F7-4668-BE54-9A1E7A4F7556}") = "Response", "Response\Response.csproj", "{F87B0DB2-99E5-43C9-B51E-F1D2F2106971}"
EndProject
Project("{9A19103F-16F7-4668-BE54-9A1E7A4F7556}") = "Request", "Request\Request.csproj", "{B399B8C7-CBF7-4DB9-8FE3-111E7F4DF3D4}"
EndProject
Project("{9A19103F-16F7-4668-BE54-9A1E7A4F7556}") = "SendFiles", "SendFiles\SendFiles.csproj", "{DE624760-53E4-44BC-A31B-C814BEE4ABE7}"
EndProject
Project("{9A19103F-16F7-4668-BE54-9A1E7A4F7556}") = "SendForm", "SendForm\SendForm.csproj", "{82B1568D-6C5F-4483-9D72-FF118F04EEA4}"
EndProject
Project("{9A19103F-16F7-4668-BE54-9A1E7A4F7556}") = "Redirect", "Redirect\Redirect.csproj", "{284D4143-D4DB-423C-AC1A-F1D314D543AB}"
EndProject
Project("{9A19103F-16F7-4668-BE54-9A1E7A4F7556}") = "SendJSON", "SendJSON\SendJSON.csproj", "{C8D03E06-C94E-4A59-84E3-3B368CF8B3A0}"
EndProject
Project("{9A19103F-16F7-4668-BE54-9A1E7A4F7556}") = "SimpleApp", "SimpleApp\SimpleApp.csproj", "{47261C72-4F2D-469C-9E26-4AAEF74DC46C}"
EndProject
Project("{9A19103F-16F7-4668-BE54-9A1E7A4F7556}") = "UploadFiles", "UploadFiles\UploadFiles.csproj", "{40A6917D-890B-4058-BD98-2F811169C6B0}"
EndProject
Project("{9A19103F-16F7-4668-BE54-9A1E7A4F7556}") = "UseMethod", "UseMethod\UseMethod.csproj", "{D38BB8CD-5C87-4183-A700-EF4080DFDF0E}"
EndProject
Project("{9A19103F-16F7-4668-BE54-9A1E7A4F7556}") = "UseWhenMethod", "UseWhenMethod\UseWhenMethod.csproj", "{64F6863F-6482-4CE3-A434-B54FE91C07C4}"
EndProject
Project("{9A19103F-16F7-4668-BE54-9A1E7A4F7556}") = "MapMethod", "MapMethod\MapMethod.csproj", "{F8918637-C149-4A35-A49E-0C707BC87773}"
EndProject
Project("{FAE04EC0-301F-11D3-BF4B-00C04F79EFBC}") = "MiddlewareClass", "MiddlewareClass\MiddlewareClass.csproj", "{72C47EFF-6B51-4493-8976-4490B45F0A95}"
EndProject
Project("{FAE04EC0-301F-11D3-BF4B-00C04F79EFBC}") = "Conveyor", "Conveyor\Conveyor.csproj", "{D2C64F47-DF71-427F-A4F5-96D8DB62F4F8}"
EndProject
Global
	GlobalSection(SolutionConfigurationPlatforms) = preSolution
		Debug|Any CPU = Debug|Any CPU
		Release|Any CPU = Release|Any CPU
	EndGlobalSection
	GlobalSection(ProjectConfigurationPlatforms) = postSolution
		{1D8B82BB-72C7-4D50-88AD-DF863922A416}.Debug|Any CPU.ActiveCfg = Debug|Any CPU
		{1D8B82BB-72C7-4D50-88AD-DF863922A416}.Debug|Any CPU.Build.0 = Debug|Any CPU
		{1D8B82BB-72C7-4D50-88AD-DF863922A416}.Release|Any CPU.ActiveCfg = Release|Any CPU
		{1D8B82BB-72C7-4D50-88AD-DF863922A416}.Release|Any CPU.Build.0 = Release|Any CPU
		{F87B0DB2-99E5-43C9-B51E-F1D2F2106971}.Debug|Any CPU.ActiveCfg = Debug|Any CPU
		{F87B0DB2-99E5-43C9-B51E-F1D2F2106971}.Debug|Any CPU.Build.0 = Debug|Any CPU
		{F87B0DB2-99E5-43C9-B51E-F1D2F2106971}.Release|Any CPU.ActiveCfg = Release|Any CPU
		{F87B0DB2-99E5-43C9-B51E-F1D2F2106971}.Release|Any CPU.Build.0 = Release|Any CPU
		{B399B8C7-CBF7-4DB9-8FE3-111E7F4DF3D4}.Debug|Any CPU.ActiveCfg = Debug|Any CPU
		{B399B8C7-CBF7-4DB9-8FE3-111E7F4DF3D4}.Debug|Any CPU.Build.0 = Debug|Any CPU
		{B399B8C7-CBF7-4DB9-8FE3-111E7F4DF3D4}.Release|Any CPU.ActiveCfg = Release|Any CPU
		{B399B8C7-CBF7-4DB9-8FE3-111E7F4DF3D4}.Release|Any CPU.Build.0 = Release|Any CPU
		{DE624760-53E4-44BC-A31B-C814BEE4ABE7}.Debug|Any CPU.ActiveCfg = Debug|Any CPU
		{DE624760-53E4-44BC-A31B-C814BEE4ABE7}.Debug|Any CPU.Build.0 = Debug|Any CPU
		{DE624760-53E4-44BC-A31B-C814BEE4ABE7}.Release|Any CPU.ActiveCfg = Release|Any CPU
		{DE624760-53E4-44BC-A31B-C814BEE4ABE7}.Release|Any CPU.Build.0 = Release|Any CPU
		{82B1568D-6C5F-4483-9D72-FF118F04EEA4}.Debug|Any CPU.ActiveCfg = Debug|Any CPU
		{82B1568D-6C5F-4483-9D72-FF118F04EEA4}.Debug|Any CPU.Build.0 = Debug|Any CPU
		{82B1568D-6C5F-4483-9D72-FF118F04EEA4}.Release|Any CPU.ActiveCfg = Release|Any CPU
		{82B1568D-6C5F-4483-9D72-FF118F04EEA4}.Release|Any CPU.Build.0 = Release|Any CPU
		{284D4143-D4DB-423C-AC1A-F1D314D543AB}.Debug|Any CPU.ActiveCfg = Debug|Any CPU
		{284D4143-D4DB-423C-AC1A-F1D314D543AB}.Debug|Any CPU.Build.0 = Debug|Any CPU
		{284D4143-D4DB-423C-AC1A-F1D314D543AB}.Release|Any CPU.ActiveCfg = Release|Any CPU
		{284D4143-D4DB-423C-AC1A-F1D314D543AB}.Release|Any CPU.Build.0 = Release|Any CPU
		{C8D03E06-C94E-4A59-84E3-3B368CF8B3A0}.Debug|Any CPU.ActiveCfg = Debug|Any CPU
		{C8D03E06-C94E-4A59-84E3-3B368CF8B3A0}.Debug|Any CPU.Build.0 = Debug|Any CPU
		{C8D03E06-C94E-4A59-84E3-3B368CF8B3A0}.Release|Any CPU.ActiveCfg = Release|Any CPU
		{C8D03E06-C94E-4A59-84E3-3B368CF8B3A0}.Release|Any CPU.Build.0 = Release|Any CPU
		{47261C72-4F2D-469C-9E26-4AAEF74DC46C}.Debug|Any CPU.ActiveCfg = Debug|Any CPU
		{47261C72-4F2D-469C-9E26-4AAEF74DC46C}.Debug|Any CPU.Build.0 = Debug|Any CPU
		{47261C72-4F2D-469C-9E26-4AAEF74DC46C}.Release|Any CPU.ActiveCfg = Release|Any CPU
		{47261C72-4F2D-469C-9E26-4AAEF74DC46C}.Release|Any CPU.Build.0 = Release|Any CPU
		{40A6917D-890B-4058-BD98-2F811169C6B0}.Debug|Any CPU.ActiveCfg = Debug|Any CPU
		{40A6917D-890B-4058-BD98-2F811169C6B0}.Debug|Any CPU.Build.0 = Debug|Any CPU
		{40A6917D-890B-4058-BD98-2F811169C6B0}.Release|Any CPU.ActiveCfg = Release|Any CPU
		{40A6917D-890B-4058-BD98-2F811169C6B0}.Release|Any CPU.Build.0 = Release|Any CPU
		{D38BB8CD-5C87-4183-A700-EF4080DFDF0E}.Debug|Any CPU.ActiveCfg = Debug|Any CPU
		{D38BB8CD-5C87-4183-A700-EF4080DFDF0E}.Debug|Any CPU.Build.0 = Debug|Any CPU
		{D38BB8CD-5C87-4183-A700-EF4080DFDF0E}.Release|Any CPU.ActiveCfg = Release|Any CPU
		{D38BB8CD-5C87-4183-A700-EF4080DFDF0E}.Release|Any CPU.Build.0 = Release|Any CPU
		{64F6863F-6482-4CE3-A434-B54FE91C07C4}.Debug|Any CPU.ActiveCfg = Debug|Any CPU
		{64F6863F-6482-4CE3-A434-B54FE91C07C4}.Debug|Any CPU.Build.0 = Debug|Any CPU
		{64F6863F-6482-4CE3-A434-B54FE91C07C4}.Release|Any CPU.ActiveCfg = Release|Any CPU
		{64F6863F-6482-4CE3-A434-B54FE91C07C4}.Release|Any CPU.Build.0 = Release|Any CPU
		{F8918637-C149-4A35-A49E-0C707BC87773}.Debug|Any CPU.ActiveCfg = Debug|Any CPU
		{F8918637-C149-4A35-A49E-0C707BC87773}.Debug|Any CPU.Build.0 = Debug|Any CPU
		{F8918637-C149-4A35-A49E-0C707BC87773}.Release|Any CPU.ActiveCfg = Release|Any CPU
		{F8918637-C149-4A35-A49E-0C707BC87773}.Release|Any CPU.Build.0 = Release|Any CPU
		{72C47EFF-6B51-4493-8976-4490B45F0A95}.Debug|Any CPU.ActiveCfg = Debug|Any CPU
		{72C47EFF-6B51-4493-8976-4490B45F0A95}.Debug|Any CPU.Build.0 = Debug|Any CPU
		{72C47EFF-6B51-4493-8976-4490B45F0A95}.Release|Any CPU.ActiveCfg = Release|Any CPU
		{72C47EFF-6B51-4493-8976-4490B45F0A95}.Release|Any CPU.Build.0 = Release|Any CPU
		{D2C64F47-DF71-427F-A4F5-96D8DB62F4F8}.Debug|Any CPU.ActiveCfg = Debug|Any CPU
		{D2C64F47-DF71-427F-A4F5-96D8DB62F4F8}.Debug|Any CPU.Build.0 = Debug|Any CPU
		{D2C64F47-DF71-427F-A4F5-96D8DB62F4F8}.Release|Any CPU.ActiveCfg = Release|Any CPU
		{D2C64F47-DF71-427F-A4F5-96D8DB62F4F8}.Release|Any CPU.Build.0 = Release|Any CPU
	EndGlobalSection
	GlobalSection(SolutionProperties) = preSolution
		HideSolutionNode = FALSE
	EndGlobalSection
	GlobalSection(ExtensibilityGlobals) = postSolution
		SolutionGuid = {9E1C65D6-7370-4A43-88AB-FBE8E9F9087E}
	EndGlobalSection
EndGlobal
