
Microsoft Visual Studio Solution File, Format Version 12.00
# Visual Studio Version 17
VisualStudioVersion = 17.1.32228.430
MinimumVisualStudioVersion = 10.0.40219.1
Project("{9A19103F-16F7-4668-BE54-9A1E7A4F7556}") = "MethodRun", "MethodRun\MethodRun.csproj", "{1D8B82BB-72C7-4D50-88AD-DF863922A416}"
EndProject
Project("{9A19103F-16F7-4668-BE54-9A1E7A4F7556}") = "Response", "Response\Response.csproj", "{F87B0DB2-99E5-43C9-B51E-F1D2F2106971}"
EndProject
Project("{9A19103F-16F7-4668-BE54-9A1E7A4F7556}") = "Request", "Request\Request.csproj", "{B399B8C7-CBF7-4DB9-8FE3-111E7F4DF3D4}"
EndProject
Project("{9A19103F-16F7-4668-BE54-9A1E7A4F7556}") = "SendFiles", "SendFiles\SendFiles.csproj", "{DE624760-53E4-44BC-A31B-C814BEE4ABE7}"
EndProject
Project("{9A19103F-16F7-4668-BE54-9A1E7A4F7556}") = "SendForm", "SendForm\SendForm.csproj", "{82B1568D-6C5F-4483-9D72-FF118F04EEA4}"
EndProject
Project("{FAE04EC0-301F-11D3-BF4B-00C04F79EFBC}") = "Redirect", "Redirect\Redirect.csproj", "{284D4143-D4DB-423C-AC1A-F1D314D543AB}"
EndProject
Global
	GlobalSection(SolutionConfigurationPlatforms) = preSolution
		Debug|Any CPU = Debug|Any CPU
		Release|Any CPU = Release|Any CPU
	EndGlobalSection
	GlobalSection(ProjectConfigurationPlatforms) = postSolution
		{1D8B82BB-72C7-4D50-88AD-DF863922A416}.Debug|Any CPU.ActiveCfg = Debug|Any CPU
		{1D8B82BB-72C7-4D50-88AD-DF863922A416}.Debug|Any CPU.Build.0 = Debug|Any CPU
		{1D8B82BB-72C7-4D50-88AD-DF863922A416}.Release|Any CPU.ActiveCfg = Release|Any CPU
		{1D8B82BB-72C7-4D50-88AD-DF863922A416}.Release|Any CPU.Build.0 = Release|Any CPU
		{F87B0DB2-99E5-43C9-B51E-F1D2F2106971}.Debug|Any CPU.ActiveCfg = Debug|Any CPU
		{F87B0DB2-99E5-43C9-B51E-F1D2F2106971}.Debug|Any CPU.Build.0 = Debug|Any CPU
		{F87B0DB2-99E5-43C9-B51E-F1D2F2106971}.Release|Any CPU.ActiveCfg = Release|Any CPU
		{F87B0DB2-99E5-43C9-B51E-F1D2F2106971}.Release|Any CPU.Build.0 = Release|Any CPU
		{B399B8C7-CBF7-4DB9-8FE3-111E7F4DF3D4}.Debug|Any CPU.ActiveCfg = Debug|Any CPU
		{B399B8C7-CBF7-4DB9-8FE3-111E7F4DF3D4}.Debug|Any CPU.Build.0 = Debug|Any CPU
		{B399B8C7-CBF7-4DB9-8FE3-111E7F4DF3D4}.Release|Any CPU.ActiveCfg = Release|Any CPU
		{B399B8C7-CBF7-4DB9-8FE3-111E7F4DF3D4}.Release|Any CPU.Build.0 = Release|Any CPU
		{DE624760-53E4-44BC-A31B-C814BEE4ABE7}.Debug|Any CPU.ActiveCfg = Debug|Any CPU
		{DE624760-53E4-44BC-A31B-C814BEE4ABE7}.Debug|Any CPU.Build.0 = Debug|Any CPU
		{DE624760-53E4-44BC-A31B-C814BEE4ABE7}.Release|Any CPU.ActiveCfg = Release|Any CPU
		{DE624760-53E4-44BC-A31B-C814BEE4ABE7}.Release|Any CPU.Build.0 = Release|Any CPU
		{82B1568D-6C5F-4483-9D72-FF118F04EEA4}.Debug|Any CPU.ActiveCfg = Debug|Any CPU
		{82B1568D-6C5F-4483-9D72-FF118F04EEA4}.Debug|Any CPU.Build.0 = Debug|Any CPU
		{82B1568D-6C5F-4483-9D72-FF118F04EEA4}.Release|Any CPU.ActiveCfg = Release|Any CPU
		{82B1568D-6C5F-4483-9D72-FF118F04EEA4}.Release|Any CPU.Build.0 = Release|Any CPU
		{284D4143-D4DB-423C-AC1A-F1D314D543AB}.Debug|Any CPU.ActiveCfg = Debug|Any CPU
		{284D4143-D4DB-423C-AC1A-F1D314D543AB}.Debug|Any CPU.Build.0 = Debug|Any CPU
		{284D4143-D4DB-423C-AC1A-F1D314D543AB}.Release|Any CPU.ActiveCfg = Release|Any CPU
		{284D4143-D4DB-423C-AC1A-F1D314D543AB}.Release|Any CPU.Build.0 = Release|Any CPU
	EndGlobalSection
	GlobalSection(SolutionProperties) = preSolution
		HideSolutionNode = FALSE
	EndGlobalSection
	GlobalSection(ExtensibilityGlobals) = postSolution
		SolutionGuid = {9E1C65D6-7370-4A43-88AB-FBE8E9F9087E}
	EndGlobalSection
EndGlobal
